
Microsoft Visual Studio Solution File, Format Version 12.00
# Visual Studio Version 16
VisualStudioVersion = 16.0.31624.102
MinimumVisualStudioVersion = 10.0.40219.1
Project("{9A19103F-16F7-4668-BE54-9A1E7A4F7556}") = "CreerLibrairie", "CreerLibrairie\CreerLibrairie.csproj", "{16CFEBDD-0984-4D75-A3D3-2416C8AE4190}"
EndProject
Project("{9A19103F-16F7-4668-BE54-9A1E7A4F7556}") = "ProgramMain", "TestJeu\ProgramMain.csproj", "{73194BDB-0767-4DF9-B846-B3A18AAC4991}"
EndProject
Global
	GlobalSection(SolutionConfigurationPlatforms) = preSolution
		Debug|Any CPU = Debug|Any CPU
		Release|Any CPU = Release|Any CPU
	EndGlobalSection
	GlobalSection(ProjectConfigurationPlatforms) = postSolution
		{16CFEBDD-0984-4D75-A3D3-2416C8AE4190}.Debug|Any CPU.ActiveCfg = Debug|Any CPU
		{16CFEBDD-0984-4D75-A3D3-2416C8AE4190}.Debug|Any CPU.Build.0 = Debug|Any CPU
		{16CFEBDD-0984-4D75-A3D3-2416C8AE4190}.Release|Any CPU.ActiveCfg = Release|Any CPU
		{16CFEBDD-0984-4D75-A3D3-2416C8AE4190}.Release|Any CPU.Build.0 = Release|Any CPU
		{73194BDB-0767-4DF9-B846-B3A18AAC4991}.Debug|Any CPU.ActiveCfg = Debug|Any CPU
		{73194BDB-0767-4DF9-B846-B3A18AAC4991}.Debug|Any CPU.Build.0 = Debug|Any CPU
		{73194BDB-0767-4DF9-B846-B3A18AAC4991}.Release|Any CPU.ActiveCfg = Release|Any CPU
		{73194BDB-0767-4DF9-B846-B3A18AAC4991}.Release|Any CPU.Build.0 = Release|Any CPU
	EndGlobalSection
	GlobalSection(SolutionProperties) = preSolution
		HideSolutionNode = FALSE
	EndGlobalSection
	GlobalSection(ExtensibilityGlobals) = postSolution
		SolutionGuid = {0EDB67F4-5E2D-4995-8F54-851933C7AE1C}
	EndGlobalSection
EndGlobal
